
Microsoft Visual Studio Solution File, Format Version 12.00
# Visual Studio Version 16
VisualStudioVersion = 16.0.32126.315
MinimumVisualStudioVersion = 10.0.40219.1
Project("{FAE04EC0-301F-11D3-BF4B-00C04F79EFBC}") = "EjercicioListaTipoCola", "EjercicioListaTipoCola\EjercicioListaTipoCola.csproj", "{1440ACAF-F650-4338-A8C8-62409E5F98BF}"
EndProject
Global
	GlobalSection(SolutionConfigurationPlatforms) = preSolution
		Debug|Any CPU = Debug|Any CPU
		Release|Any CPU = Release|Any CPU
	EndGlobalSection
	GlobalSection(ProjectConfigurationPlatforms) = postSolution
		{1440ACAF-F650-4338-A8C8-62409E5F98BF}.Debug|Any CPU.ActiveCfg = Debug|Any CPU
		{1440ACAF-F650-4338-A8C8-62409E5F98BF}.Debug|Any CPU.Build.0 = Debug|Any CPU
		{1440ACAF-F650-4338-A8C8-62409E5F98BF}.Release|Any CPU.ActiveCfg = Release|Any CPU
		{1440ACAF-F650-4338-A8C8-62409E5F98BF}.Release|Any CPU.Build.0 = Release|Any CPU
	EndGlobalSection
	GlobalSection(SolutionProperties) = preSolution
		HideSolutionNode = FALSE
	EndGlobalSection
	GlobalSection(ExtensibilityGlobals) = postSolution
		SolutionGuid = {FBFE1198-C1C8-461C-9EB5-6A5CF93786B4}
	EndGlobalSection
EndGlobal
