
Microsoft Visual Studio Solution File, Format Version 12.00
# Visual Studio Version 17
VisualStudioVersion = 17.4.33205.214
MinimumVisualStudioVersion = 10.0.40219.1
Project("{FAE04EC0-301F-11D3-BF4B-00C04F79EFBC}") = "VerificarClave", "VerificarClave\VerificarClave.csproj", "{375B3593-FE0A-42FA-87E2-55C4A8EA7D60}"
EndProject
Global
	GlobalSection(SolutionConfigurationPlatforms) = preSolution
		Debug|Any CPU = Debug|Any CPU
		Release|Any CPU = Release|Any CPU
	EndGlobalSection
	GlobalSection(ProjectConfigurationPlatforms) = postSolution
		{375B3593-FE0A-42FA-87E2-55C4A8EA7D60}.Debug|Any CPU.ActiveCfg = Debug|Any CPU
		{375B3593-FE0A-42FA-87E2-55C4A8EA7D60}.Debug|Any CPU.Build.0 = Debug|Any CPU
		{375B3593-FE0A-42FA-87E2-55C4A8EA7D60}.Release|Any CPU.ActiveCfg = Release|Any CPU
		{375B3593-FE0A-42FA-87E2-55C4A8EA7D60}.Release|Any CPU.Build.0 = Release|Any CPU
	EndGlobalSection
	GlobalSection(SolutionProperties) = preSolution
		HideSolutionNode = FALSE
	EndGlobalSection
	GlobalSection(ExtensibilityGlobals) = postSolution
		SolutionGuid = {689E85A5-72CA-4A66-B9F8-B82D23A4C058}
	EndGlobalSection
EndGlobal
