
Microsoft Visual Studio Solution File, Format Version 12.00
# Visual Studio Version 17
VisualStudioVersion = 17.4.33205.214
MinimumVisualStudioVersion = 10.0.40219.1
Project("{FAE04EC0-301F-11D3-BF4B-00C04F79EFBC}") = "Do While", "Do While\Do While.csproj", "{1C905063-5EEE-4ECE-9F3A-3E2C116E9412}"
EndProject
Global
	GlobalSection(SolutionConfigurationPlatforms) = preSolution
		Debug|Any CPU = Debug|Any CPU
		Release|Any CPU = Release|Any CPU
	EndGlobalSection
	GlobalSection(ProjectConfigurationPlatforms) = postSolution
		{1C905063-5EEE-4ECE-9F3A-3E2C116E9412}.Debug|Any CPU.ActiveCfg = Debug|Any CPU
		{1C905063-5EEE-4ECE-9F3A-3E2C116E9412}.Debug|Any CPU.Build.0 = Debug|Any CPU
		{1C905063-5EEE-4ECE-9F3A-3E2C116E9412}.Release|Any CPU.ActiveCfg = Release|Any CPU
		{1C905063-5EEE-4ECE-9F3A-3E2C116E9412}.Release|Any CPU.Build.0 = Release|Any CPU
	EndGlobalSection
	GlobalSection(SolutionProperties) = preSolution
		HideSolutionNode = FALSE
	EndGlobalSection
	GlobalSection(ExtensibilityGlobals) = postSolution
		SolutionGuid = {C5BEF77A-0003-4330-8F37-BF253057C84B}
	EndGlobalSection
EndGlobal
