
Microsoft Visual Studio Solution File, Format Version 12.00
# Visual Studio Version 16
VisualStudioVersion = 16.0.32126.315
MinimumVisualStudioVersion = 10.0.40219.1
Project("{FAE04EC0-301F-11D3-BF4B-00C04F79EFBC}") = "Matriz y Array ejer1", "Matriz y Array ejer1\Matriz y Array ejer1.csproj", "{C02463B6-4ACA-4CEF-A544-9E04CA30C270}"
EndProject
Global
	GlobalSection(SolutionConfigurationPlatforms) = preSolution
		Debug|Any CPU = Debug|Any CPU
		Release|Any CPU = Release|Any CPU
	EndGlobalSection
	GlobalSection(ProjectConfigurationPlatforms) = postSolution
		{C02463B6-4ACA-4CEF-A544-9E04CA30C270}.Debug|Any CPU.ActiveCfg = Debug|Any CPU
		{C02463B6-4ACA-4CEF-A544-9E04CA30C270}.Debug|Any CPU.Build.0 = Debug|Any CPU
		{C02463B6-4ACA-4CEF-A544-9E04CA30C270}.Release|Any CPU.ActiveCfg = Release|Any CPU
		{C02463B6-4ACA-4CEF-A544-9E04CA30C270}.Release|Any CPU.Build.0 = Release|Any CPU
	EndGlobalSection
	GlobalSection(SolutionProperties) = preSolution
		HideSolutionNode = FALSE
	EndGlobalSection
	GlobalSection(ExtensibilityGlobals) = postSolution
		SolutionGuid = {E1A104B3-B422-4A3F-A786-7DDF6974090F}
	EndGlobalSection
EndGlobal
