
Microsoft Visual Studio Solution File, Format Version 12.00
# Visual Studio Version 16
VisualStudioVersion = 16.0.32126.315
MinimumVisualStudioVersion = 10.0.40219.1
Project("{FAE04EC0-301F-11D3-BF4B-00C04F79EFBC}") = "ComboBox PaletaDeColores", "ComboBox PaletaDeColores\ComboBox PaletaDeColores.csproj", "{1E3CC94C-1E1E-4B2D-97CC-20433D92BFA9}"
EndProject
Global
	GlobalSection(SolutionConfigurationPlatforms) = preSolution
		Debug|Any CPU = Debug|Any CPU
		Release|Any CPU = Release|Any CPU
	EndGlobalSection
	GlobalSection(ProjectConfigurationPlatforms) = postSolution
		{1E3CC94C-1E1E-4B2D-97CC-20433D92BFA9}.Debug|Any CPU.ActiveCfg = Debug|Any CPU
		{1E3CC94C-1E1E-4B2D-97CC-20433D92BFA9}.Debug|Any CPU.Build.0 = Debug|Any CPU
		{1E3CC94C-1E1E-4B2D-97CC-20433D92BFA9}.Release|Any CPU.ActiveCfg = Release|Any CPU
		{1E3CC94C-1E1E-4B2D-97CC-20433D92BFA9}.Release|Any CPU.Build.0 = Release|Any CPU
	EndGlobalSection
	GlobalSection(SolutionProperties) = preSolution
		HideSolutionNode = FALSE
	EndGlobalSection
	GlobalSection(ExtensibilityGlobals) = postSolution
		SolutionGuid = {6F6FBBC8-15B6-4862-8789-55B4E058FF3A}
	EndGlobalSection
EndGlobal
