
Microsoft Visual Studio Solution File, Format Version 12.00
# Visual Studio Version 17
VisualStudioVersion = 17.4.33205.214
MinimumVisualStudioVersion = 10.0.40219.1
Project("{FAE04EC0-301F-11D3-BF4B-00C04F79EFBC}") = "Do while ejercicio 2", "Do while ejercicio 2\Do while ejercicio 2.csproj", "{3EF5578B-73F8-439E-AB10-FECB2C03AAD2}"
EndProject
Global
	GlobalSection(SolutionConfigurationPlatforms) = preSolution
		Debug|Any CPU = Debug|Any CPU
		Release|Any CPU = Release|Any CPU
	EndGlobalSection
	GlobalSection(ProjectConfigurationPlatforms) = postSolution
		{3EF5578B-73F8-439E-AB10-FECB2C03AAD2}.Debug|Any CPU.ActiveCfg = Debug|Any CPU
		{3EF5578B-73F8-439E-AB10-FECB2C03AAD2}.Debug|Any CPU.Build.0 = Debug|Any CPU
		{3EF5578B-73F8-439E-AB10-FECB2C03AAD2}.Release|Any CPU.ActiveCfg = Release|Any CPU
		{3EF5578B-73F8-439E-AB10-FECB2C03AAD2}.Release|Any CPU.Build.0 = Release|Any CPU
	EndGlobalSection
	GlobalSection(SolutionProperties) = preSolution
		HideSolutionNode = FALSE
	EndGlobalSection
	GlobalSection(ExtensibilityGlobals) = postSolution
		SolutionGuid = {DA61775F-BA9E-46FD-B232-BEE2BF92D786}
	EndGlobalSection
EndGlobal
