
Microsoft Visual Studio Solution File, Format Version 12.00
# Visual Studio Version 17
VisualStudioVersion = 17.4.33205.214
MinimumVisualStudioVersion = 10.0.40219.1
Project("{FAE04EC0-301F-11D3-BF4B-00C04F79EFBC}") = "Do while ejercicio1", "Do while ejercicio1\Do while ejercicio1.csproj", "{55AA3A03-CF56-4776-A3D1-56FF906E8AFC}"
EndProject
Global
	GlobalSection(SolutionConfigurationPlatforms) = preSolution
		Debug|Any CPU = Debug|Any CPU
		Release|Any CPU = Release|Any CPU
	EndGlobalSection
	GlobalSection(ProjectConfigurationPlatforms) = postSolution
		{55AA3A03-CF56-4776-A3D1-56FF906E8AFC}.Debug|Any CPU.ActiveCfg = Debug|Any CPU
		{55AA3A03-CF56-4776-A3D1-56FF906E8AFC}.Debug|Any CPU.Build.0 = Debug|Any CPU
		{55AA3A03-CF56-4776-A3D1-56FF906E8AFC}.Release|Any CPU.ActiveCfg = Release|Any CPU
		{55AA3A03-CF56-4776-A3D1-56FF906E8AFC}.Release|Any CPU.Build.0 = Release|Any CPU
	EndGlobalSection
	GlobalSection(SolutionProperties) = preSolution
		HideSolutionNode = FALSE
	EndGlobalSection
	GlobalSection(ExtensibilityGlobals) = postSolution
		SolutionGuid = {4E6F09CE-FC28-479A-9FD4-EDE65CE7CC99}
	EndGlobalSection
EndGlobal
