
Microsoft Visual Studio Solution File, Format Version 12.00
# Visual Studio Version 17
VisualStudioVersion = 17.4.33205.214
MinimumVisualStudioVersion = 10.0.40219.1
Project("{FAE04EC0-301F-11D3-BF4B-00C04F79EFBC}") = "CalcularSuperficie", "CalcularSuperficie\CalcularSuperficie.csproj", "{787AB36D-2649-411F-9A5E-B729A57C2DFC}"
EndProject
Global
	GlobalSection(SolutionConfigurationPlatforms) = preSolution
		Debug|Any CPU = Debug|Any CPU
		Release|Any CPU = Release|Any CPU
	EndGlobalSection
	GlobalSection(ProjectConfigurationPlatforms) = postSolution
		{787AB36D-2649-411F-9A5E-B729A57C2DFC}.Debug|Any CPU.ActiveCfg = Debug|Any CPU
		{787AB36D-2649-411F-9A5E-B729A57C2DFC}.Debug|Any CPU.Build.0 = Debug|Any CPU
		{787AB36D-2649-411F-9A5E-B729A57C2DFC}.Release|Any CPU.ActiveCfg = Release|Any CPU
		{787AB36D-2649-411F-9A5E-B729A57C2DFC}.Release|Any CPU.Build.0 = Release|Any CPU
	EndGlobalSection
	GlobalSection(SolutionProperties) = preSolution
		HideSolutionNode = FALSE
	EndGlobalSection
	GlobalSection(ExtensibilityGlobals) = postSolution
		SolutionGuid = {89851C02-96D9-4D05-8582-D728C57B1CEC}
	EndGlobalSection
EndGlobal
