
Microsoft Visual Studio Solution File, Format Version 12.00
# Visual Studio Version 17
VisualStudioVersion = 17.4.33205.214
MinimumVisualStudioVersion = 10.0.40219.1
Project("{FAE04EC0-301F-11D3-BF4B-00C04F79EFBC}") = "ButtomEjer", "ButtomEjer\ButtomEjer.csproj", "{BEF81946-7E32-4FC5-95A6-BC9B5CC5B2FD}"
EndProject
Global
	GlobalSection(SolutionConfigurationPlatforms) = preSolution
		Debug|Any CPU = Debug|Any CPU
		Release|Any CPU = Release|Any CPU
	EndGlobalSection
	GlobalSection(ProjectConfigurationPlatforms) = postSolution
		{BEF81946-7E32-4FC5-95A6-BC9B5CC5B2FD}.Debug|Any CPU.ActiveCfg = Debug|Any CPU
		{BEF81946-7E32-4FC5-95A6-BC9B5CC5B2FD}.Debug|Any CPU.Build.0 = Debug|Any CPU
		{BEF81946-7E32-4FC5-95A6-BC9B5CC5B2FD}.Release|Any CPU.ActiveCfg = Release|Any CPU
		{BEF81946-7E32-4FC5-95A6-BC9B5CC5B2FD}.Release|Any CPU.Build.0 = Release|Any CPU
	EndGlobalSection
	GlobalSection(SolutionProperties) = preSolution
		HideSolutionNode = FALSE
	EndGlobalSection
	GlobalSection(ExtensibilityGlobals) = postSolution
		SolutionGuid = {E816170B-38BC-440C-9E12-AFE28F952D71}
	EndGlobalSection
EndGlobal
